
Microsoft Visual Studio Solution File, Format Version 12.00
# Visual Studio Version 17
VisualStudioVersion = 17.3.32929.385
MinimumVisualStudioVersion = 10.0.40219.1
Project("{FAE04EC0-301F-11D3-BF4B-00C04F79EFBC}") = "AddressBookProblem", "AddressBookProblem.csproj", "{141409C7-C2C7-404C-8267-E0D67BC04131}"
EndProject
Global
	GlobalSection(SolutionConfigurationPlatforms) = preSolution
		Debug|Any CPU = Debug|Any CPU
		Release|Any CPU = Release|Any CPU
	EndGlobalSection
	GlobalSection(ProjectConfigurationPlatforms) = postSolution
		{141409C7-C2C7-404C-8267-E0D67BC04131}.Debug|Any CPU.ActiveCfg = Debug|Any CPU
		{141409C7-C2C7-404C-8267-E0D67BC04131}.Debug|Any CPU.Build.0 = Debug|Any CPU
		{141409C7-C2C7-404C-8267-E0D67BC04131}.Release|Any CPU.ActiveCfg = Release|Any CPU
		{141409C7-C2C7-404C-8267-E0D67BC04131}.Release|Any CPU.Build.0 = Release|Any CPU
	EndGlobalSection
	GlobalSection(SolutionProperties) = preSolution
		HideSolutionNode = FALSE
	EndGlobalSection
	GlobalSection(ExtensibilityGlobals) = postSolution
		SolutionGuid = {8F508C02-BF15-4893-9B72-031571254839}
	EndGlobalSection
EndGlobal
